// !$*UTF8*$!
{
	archiveVersion = 1;
	classes = {
	};
	objectVersion = 56;
	objects = {

/* Begin PBXBuildFile section */
		9824DAD02B3AD300007CC34C /* Album.swift in Sources */ = {isa = PBXBuildFile; fileRef = 9824DACF2B3AD300007CC34C /* Album.swift */; };
		9824DAD32B3AD4AD007CC34C /* SpotifyHome.swift in Sources */ = {isa = PBXBuildFile; fileRef = 9824DAD22B3AD4AD007CC34C /* SpotifyHome.swift */; };
		985B9ADC2B38519E008CB95A /* AnimationPortfolioiOSAppApp.swift in Sources */ = {isa = PBXBuildFile; fileRef = 985B9ADB2B38519E008CB95A /* AnimationPortfolioiOSAppApp.swift */; };
		985B9ADE2B38519E008CB95A /* ProjectList.swift in Sources */ = {isa = PBXBuildFile; fileRef = 985B9ADD2B38519E008CB95A /* ProjectList.swift */; };
		985B9AE02B38519F008CB95A /* Assets.xcassets in Resources */ = {isa = PBXBuildFile; fileRef = 985B9ADF2B38519F008CB95A /* Assets.xcassets */; };
		985B9AE32B38519F008CB95A /* Preview Assets.xcassets in Resources */ = {isa = PBXBuildFile; fileRef = 985B9AE22B38519F008CB95A /* Preview Assets.xcassets */; };
		985B9AED2B38519F008CB95A /* AnimationPortfolioiOSAppTests.swift in Sources */ = {isa = PBXBuildFile; fileRef = 985B9AEC2B38519F008CB95A /* AnimationPortfolioiOSAppTests.swift */; };
		985B9AF72B38519F008CB95A /* AnimationPortfolioiOSAppUITests.swift in Sources */ = {isa = PBXBuildFile; fileRef = 985B9AF62B38519F008CB95A /* AnimationPortfolioiOSAppUITests.swift */; };
		985B9AF92B38519F008CB95A /* AnimationPortfolioiOSAppUITestsLaunchTests.swift in Sources */ = {isa = PBXBuildFile; fileRef = 985B9AF82B38519F008CB95A /* AnimationPortfolioiOSAppUITestsLaunchTests.swift */; };
		985B9B072B38532A008CB95A /* Theme.swift in Sources */ = {isa = PBXBuildFile; fileRef = 985B9B062B38532A008CB95A /* Theme.swift */; };
		985B9B092B385658008CB95A /* Project.swift in Sources */ = {isa = PBXBuildFile; fileRef = 985B9B082B385658008CB95A /* Project.swift */; };
		985B9B0B2B386E87008CB95A /* ProjectCardView.swift in Sources */ = {isa = PBXBuildFile; fileRef = 985B9B0A2B386E87008CB95A /* ProjectCardView.swift */; };
		985B9B102B387B52008CB95A /* SpotifyStickyHeaderDetail.swift in Sources */ = {isa = PBXBuildFile; fileRef = 985B9B0F2B387B52008CB95A /* SpotifyStickyHeaderDetail.swift */; };
/* End PBXBuildFile section */

/* Begin PBXContainerItemProxy section */
		985B9AE92B38519F008CB95A /* PBXContainerItemProxy */ = {
			isa = PBXContainerItemProxy;
			containerPortal = 985B9AD02B38519E008CB95A /* Project object */;
			proxyType = 1;
			remoteGlobalIDString = 985B9AD72B38519E008CB95A;
			remoteInfo = AnimationPortfolioiOSApp;
		};
		985B9AF32B38519F008CB95A /* PBXContainerItemProxy */ = {
			isa = PBXContainerItemProxy;
			containerPortal = 985B9AD02B38519E008CB95A /* Project object */;
			proxyType = 1;
			remoteGlobalIDString = 985B9AD72B38519E008CB95A;
			remoteInfo = AnimationPortfolioiOSApp;
		};
/* End PBXContainerItemProxy section */

/* Begin PBXFileReference section */
		9824DACF2B3AD300007CC34C /* Album.swift */ = {isa = PBXFileReference; lastKnownFileType = sourcecode.swift; path = Album.swift; sourceTree = "<group>"; };
		9824DAD22B3AD4AD007CC34C /* SpotifyHome.swift */ = {isa = PBXFileReference; lastKnownFileType = sourcecode.swift; path = SpotifyHome.swift; sourceTree = "<group>"; };
		985B9AD82B38519E008CB95A /* AnimationPortfolioiOSApp.app */ = {isa = PBXFileReference; explicitFileType = wrapper.application; includeInIndex = 0; path = AnimationPortfolioiOSApp.app; sourceTree = BUILT_PRODUCTS_DIR; };
		985B9ADB2B38519E008CB95A /* AnimationPortfolioiOSAppApp.swift */ = {isa = PBXFileReference; lastKnownFileType = sourcecode.swift; path = AnimationPortfolioiOSAppApp.swift; sourceTree = "<group>"; };
		985B9ADD2B38519E008CB95A /* ProjectList.swift */ = {isa = PBXFileReference; lastKnownFileType = sourcecode.swift; path = ProjectList.swift; sourceTree = "<group>"; };
		985B9ADF2B38519F008CB95A /* Assets.xcassets */ = {isa = PBXFileReference; lastKnownFileType = folder.assetcatalog; path = Assets.xcassets; sourceTree = "<group>"; };
		985B9AE22B38519F008CB95A /* Preview Assets.xcassets */ = {isa = PBXFileReference; lastKnownFileType = folder.assetcatalog; path = "Preview Assets.xcassets"; sourceTree = "<group>"; };
		985B9AE82B38519F008CB95A /* AnimationPortfolioiOSAppTests.xctest */ = {isa = PBXFileReference; explicitFileType = wrapper.cfbundle; includeInIndex = 0; path = AnimationPortfolioiOSAppTests.xctest; sourceTree = BUILT_PRODUCTS_DIR; };
		985B9AEC2B38519F008CB95A /* AnimationPortfolioiOSAppTests.swift */ = {isa = PBXFileReference; lastKnownFileType = sourcecode.swift; path = AnimationPortfolioiOSAppTests.swift; sourceTree = "<group>"; };
		985B9AF22B38519F008CB95A /* AnimationPortfolioiOSAppUITests.xctest */ = {isa = PBXFileReference; explicitFileType = wrapper.cfbundle; includeInIndex = 0; path = AnimationPortfolioiOSAppUITests.xctest; sourceTree = BUILT_PRODUCTS_DIR; };
		985B9AF62B38519F008CB95A /* AnimationPortfolioiOSAppUITests.swift */ = {isa = PBXFileReference; lastKnownFileType = sourcecode.swift; path = AnimationPortfolioiOSAppUITests.swift; sourceTree = "<group>"; };
		985B9AF82B38519F008CB95A /* AnimationPortfolioiOSAppUITestsLaunchTests.swift */ = {isa = PBXFileReference; lastKnownFileType = sourcecode.swift; path = AnimationPortfolioiOSAppUITestsLaunchTests.swift; sourceTree = "<group>"; };
		985B9B062B38532A008CB95A /* Theme.swift */ = {isa = PBXFileReference; lastKnownFileType = sourcecode.swift; path = Theme.swift; sourceTree = "<group>"; };
		985B9B082B385658008CB95A /* Project.swift */ = {isa = PBXFileReference; lastKnownFileType = sourcecode.swift; path = Project.swift; sourceTree = "<group>"; };
		985B9B0A2B386E87008CB95A /* ProjectCardView.swift */ = {isa = PBXFileReference; lastKnownFileType = sourcecode.swift; path = ProjectCardView.swift; sourceTree = "<group>"; };
		985B9B0F2B387B52008CB95A /* SpotifyStickyHeaderDetail.swift */ = {isa = PBXFileReference; lastKnownFileType = sourcecode.swift; path = SpotifyStickyHeaderDetail.swift; sourceTree = "<group>"; };
/* End PBXFileReference section */

/* Begin PBXFrameworksBuildPhase section */
		985B9AD52B38519E008CB95A /* Frameworks */ = {
			isa = PBXFrameworksBuildPhase;
			buildActionMask = 2147483647;
			files = (
			);
			runOnlyForDeploymentPostprocessing = 0;
		};
		985B9AE52B38519F008CB95A /* Frameworks */ = {
			isa = PBXFrameworksBuildPhase;
			buildActionMask = 2147483647;
			files = (
			);
			runOnlyForDeploymentPostprocessing = 0;
		};
		985B9AEF2B38519F008CB95A /* Frameworks */ = {
			isa = PBXFrameworksBuildPhase;
			buildActionMask = 2147483647;
			files = (
			);
			runOnlyForDeploymentPostprocessing = 0;
		};
/* End PBXFrameworksBuildPhase section */

/* Begin PBXGroup section */
		9824DACE2B3AD2F4007CC34C /* Model */ = {
			isa = PBXGroup;
			children = (
				9824DACF2B3AD300007CC34C /* Album.swift */,
			);
			path = Model;
			sourceTree = "<group>";
		};
		9824DAD12B3AD3F9007CC34C /* View */ = {
			isa = PBXGroup;
			children = (
				9824DAD22B3AD4AD007CC34C /* SpotifyHome.swift */,
			);
			path = View;
			sourceTree = "<group>";
		};
		985B9ACF2B38519E008CB95A = {
			isa = PBXGroup;
			children = (
				985B9ADA2B38519E008CB95A /* AnimationPortfolioiOSApp */,
				985B9AEB2B38519F008CB95A /* AnimationPortfolioiOSAppTests */,
				985B9AF52B38519F008CB95A /* AnimationPortfolioiOSAppUITests */,
				985B9AD92B38519E008CB95A /* Products */,
			);
			sourceTree = "<group>";
		};
		985B9AD92B38519E008CB95A /* Products */ = {
			isa = PBXGroup;
			children = (
				985B9AD82B38519E008CB95A /* AnimationPortfolioiOSApp.app */,
				985B9AE82B38519F008CB95A /* AnimationPortfolioiOSAppTests.xctest */,
				985B9AF22B38519F008CB95A /* AnimationPortfolioiOSAppUITests.xctest */,
			);
			name = Products;
			sourceTree = "<group>";
		};
		985B9ADA2B38519E008CB95A /* AnimationPortfolioiOSApp */ = {
			isa = PBXGroup;
			children = (
				985B9B0E2B387B31008CB95A /* SpotifyStickyHeader */,
				985B9B052B38530C008CB95A /* Models */,
				985B9ADB2B38519E008CB95A /* AnimationPortfolioiOSAppApp.swift */,
				985B9ADD2B38519E008CB95A /* ProjectList.swift */,
				985B9ADF2B38519F008CB95A /* Assets.xcassets */,
				985B9AE12B38519F008CB95A /* Preview Content */,
				985B9B0A2B386E87008CB95A /* ProjectCardView.swift */,
			);
			path = AnimationPortfolioiOSApp;
			sourceTree = "<group>";
		};
		985B9AE12B38519F008CB95A /* Preview Content */ = {
			isa = PBXGroup;
			children = (
				985B9AE22B38519F008CB95A /* Preview Assets.xcassets */,
			);
			path = "Preview Content";
			sourceTree = "<group>";
		};
		985B9AEB2B38519F008CB95A /* AnimationPortfolioiOSAppTests */ = {
			isa = PBXGroup;
			children = (
				985B9AEC2B38519F008CB95A /* AnimationPortfolioiOSAppTests.swift */,
			);
			path = AnimationPortfolioiOSAppTests;
			sourceTree = "<group>";
		};
		985B9AF52B38519F008CB95A /* AnimationPortfolioiOSAppUITests */ = {
			isa = PBXGroup;
			children = (
				985B9AF62B38519F008CB95A /* AnimationPortfolioiOSAppUITests.swift */,
				985B9AF82B38519F008CB95A /* AnimationPortfolioiOSAppUITestsLaunchTests.swift */,
			);
			path = AnimationPortfolioiOSAppUITests;
			sourceTree = "<group>";
		};
		985B9B052B38530C008CB95A /* Models */ = {
			isa = PBXGroup;
			children = (
				985B9B062B38532A008CB95A /* Theme.swift */,
				985B9B082B385658008CB95A /* Project.swift */,
			);
			path = Models;
			sourceTree = "<group>";
		};
		985B9B0E2B387B31008CB95A /* SpotifyStickyHeader */ = {
			isa = PBXGroup;
			children = (
				985B9B0F2B387B52008CB95A /* SpotifyStickyHeaderDetail.swift */,
				9824DAD12B3AD3F9007CC34C /* View */,
				9824DACE2B3AD2F4007CC34C /* Model */,
			);
			path = SpotifyStickyHeader;
			sourceTree = "<group>";
		};
/* End PBXGroup section */

/* Begin PBXNativeTarget section */
		985B9AD72B38519E008CB95A /* AnimationPortfolioiOSApp */ = {
			isa = PBXNativeTarget;
			buildConfigurationList = 985B9AFC2B38519F008CB95A /* Build configuration list for PBXNativeTarget "AnimationPortfolioiOSApp" */;
			buildPhases = (
				985B9AD42B38519E008CB95A /* Sources */,
				985B9AD52B38519E008CB95A /* Frameworks */,
				985B9AD62B38519E008CB95A /* Resources */,
			);
			buildRules = (
			);
			dependencies = (
			);
			name = AnimationPortfolioiOSApp;
			productName = AnimationPortfolioiOSApp;
			productReference = 985B9AD82B38519E008CB95A /* AnimationPortfolioiOSApp.app */;
			productType = "com.apple.product-type.application";
		};
		985B9AE72B38519F008CB95A /* AnimationPortfolioiOSAppTests */ = {
			isa = PBXNativeTarget;
			buildConfigurationList = 985B9AFF2B38519F008CB95A /* Build configuration list for PBXNativeTarget "AnimationPortfolioiOSAppTests" */;
			buildPhases = (
				985B9AE42B38519F008CB95A /* Sources */,
				985B9AE52B38519F008CB95A /* Frameworks */,
				985B9AE62B38519F008CB95A /* Resources */,
			);
			buildRules = (
			);
			dependencies = (
				985B9AEA2B38519F008CB95A /* PBXTargetDependency */,
			);
			name = AnimationPortfolioiOSAppTests;
			productName = AnimationPortfolioiOSAppTests;
			productReference = 985B9AE82B38519F008CB95A /* AnimationPortfolioiOSAppTests.xctest */;
			productType = "com.apple.product-type.bundle.unit-test";
		};
		985B9AF12B38519F008CB95A /* AnimationPortfolioiOSAppUITests */ = {
			isa = PBXNativeTarget;
			buildConfigurationList = 985B9B022B38519F008CB95A /* Build configuration list for PBXNativeTarget "AnimationPortfolioiOSAppUITests" */;
			buildPhases = (
				985B9AEE2B38519F008CB95A /* Sources */,
				985B9AEF2B38519F008CB95A /* Frameworks */,
				985B9AF02B38519F008CB95A /* Resources */,
			);
			buildRules = (
			);
			dependencies = (
				985B9AF42B38519F008CB95A /* PBXTargetDependency */,
			);
			name = AnimationPortfolioiOSAppUITests;
			productName = AnimationPortfolioiOSAppUITests;
			productReference = 985B9AF22B38519F008CB95A /* AnimationPortfolioiOSAppUITests.xctest */;
			productType = "com.apple.product-type.bundle.ui-testing";
		};
/* End PBXNativeTarget section */

/* Begin PBXProject section */
		985B9AD02B38519E008CB95A /* Project object */ = {
			isa = PBXProject;
			attributes = {
				BuildIndependentTargetsInParallel = 1;
				LastSwiftUpdateCheck = 1510;
				LastUpgradeCheck = 1510;
				TargetAttributes = {
					985B9AD72B38519E008CB95A = {
						CreatedOnToolsVersion = 15.1;
					};
					985B9AE72B38519F008CB95A = {
						CreatedOnToolsVersion = 15.1;
						TestTargetID = 985B9AD72B38519E008CB95A;
					};
					985B9AF12B38519F008CB95A = {
						CreatedOnToolsVersion = 15.1;
						TestTargetID = 985B9AD72B38519E008CB95A;
					};
				};
			};
			buildConfigurationList = 985B9AD32B38519E008CB95A /* Build configuration list for PBXProject "AnimationPortfolioiOSApp" */;
			compatibilityVersion = "Xcode 14.0";
			developmentRegion = en;
			hasScannedForEncodings = 0;
			knownRegions = (
				en,
				Base,
			);
			mainGroup = 985B9ACF2B38519E008CB95A;
			productRefGroup = 985B9AD92B38519E008CB95A /* Products */;
			projectDirPath = "";
			projectRoot = "";
			targets = (
				985B9AD72B38519E008CB95A /* AnimationPortfolioiOSApp */,
				985B9AE72B38519F008CB95A /* AnimationPortfolioiOSAppTests */,
				985B9AF12B38519F008CB95A /* AnimationPortfolioiOSAppUITests */,
			);
		};
/* End PBXProject section */

/* Begin PBXResourcesBuildPhase section */
		985B9AD62B38519E008CB95A /* Resources */ = {
			isa = PBXResourcesBuildPhase;
			buildActionMask = 2147483647;
			files = (
				985B9AE32B38519F008CB95A /* Preview Assets.xcassets in Resources */,
				985B9AE02B38519F008CB95A /* Assets.xcassets in Resources */,
			);
			runOnlyForDeploymentPostprocessing = 0;
		};
		985B9AE62B38519F008CB95A /* Resources */ = {
			isa = PBXResourcesBuildPhase;
			buildActionMask = 2147483647;
			files = (
			);
			runOnlyForDeploymentPostprocessing = 0;
		};
		985B9AF02B38519F008CB95A /* Resources */ = {
			isa = PBXResourcesBuildPhase;
			buildActionMask = 2147483647;
			files = (
			);
			runOnlyForDeploymentPostprocessing = 0;
		};
/* End PBXResourcesBuildPhase section */

/* Begin PBXSourcesBuildPhase section */
		985B9AD42B38519E008CB95A /* Sources */ = {
			isa = PBXSourcesBuildPhase;
			buildActionMask = 2147483647;
			files = (
				985B9B072B38532A008CB95A /* Theme.swift in Sources */,
				985B9ADE2B38519E008CB95A /* ProjectList.swift in Sources */,
				985B9B0B2B386E87008CB95A /* ProjectCardView.swift in Sources */,
				9824DAD32B3AD4AD007CC34C /* SpotifyHome.swift in Sources */,
				985B9B102B387B52008CB95A /* SpotifyStickyHeaderDetail.swift in Sources */,
				985B9ADC2B38519E008CB95A /* AnimationPortfolioiOSAppApp.swift in Sources */,
				9824DAD02B3AD300007CC34C /* Album.swift in Sources */,
				985B9B092B385658008CB95A /* Project.swift in Sources */,
			);
			runOnlyForDeploymentPostprocessing = 0;
		};
		985B9AE42B38519F008CB95A /* Sources */ = {
			isa = PBXSourcesBuildPhase;
			buildActionMask = 2147483647;
			files = (
				985B9AED2B38519F008CB95A /* AnimationPortfolioiOSAppTests.swift in Sources */,
			);
			runOnlyForDeploymentPostprocessing = 0;
		};
		985B9AEE2B38519F008CB95A /* Sources */ = {
			isa = PBXSourcesBuildPhase;
			buildActionMask = 2147483647;
			files = (
				985B9AF92B38519F008CB95A /* AnimationPortfolioiOSAppUITestsLaunchTests.swift in Sources */,
				985B9AF72B38519F008CB95A /* AnimationPortfolioiOSAppUITests.swift in Sources */,
			);
			runOnlyForDeploymentPostprocessing = 0;
		};
/* End PBXSourcesBuildPhase section */

/* Begin PBXTargetDependency section */
		985B9AEA2B38519F008CB95A /* PBXTargetDependency */ = {
			isa = PBXTargetDependency;
			target = 985B9AD72B38519E008CB95A /* AnimationPortfolioiOSApp */;
			targetProxy = 985B9AE92B38519F008CB95A /* PBXContainerItemProxy */;
		};
		985B9AF42B38519F008CB95A /* PBXTargetDependency */ = {
			isa = PBXTargetDependency;
			target = 985B9AD72B38519E008CB95A /* AnimationPortfolioiOSApp */;
			targetProxy = 985B9AF32B38519F008CB95A /* PBXContainerItemProxy */;
		};
/* End PBXTargetDependency section */

/* Begin XCBuildConfiguration section */
		985B9AFA2B38519F008CB95A /* Debug */ = {
			isa = XCBuildConfiguration;
			buildSettings = {
				ALWAYS_SEARCH_USER_PATHS = NO;
				ASSETCATALOG_COMPILER_GENERATE_SWIFT_ASSET_SYMBOL_EXTENSIONS = YES;
				CLANG_ANALYZER_NONNULL = YES;
				CLANG_ANALYZER_NUMBER_OBJECT_CONVERSION = YES_AGGRESSIVE;
				CLANG_CXX_LANGUAGE_STANDARD = "gnu++20";
				CLANG_ENABLE_MODULES = YES;
				CLANG_ENABLE_OBJC_ARC = YES;
				CLANG_ENABLE_OBJC_WEAK = YES;
				CLANG_WARN_BLOCK_CAPTURE_AUTORELEASING = YES;
				CLANG_WARN_BOOL_CONVERSION = YES;
				CLANG_WARN_COMMA = YES;
				CLANG_WARN_CONSTANT_CONVERSION = YES;
				CLANG_WARN_DEPRECATED_OBJC_IMPLEMENTATIONS = YES;
				CLANG_WARN_DIRECT_OBJC_ISA_USAGE = YES_ERROR;
				CLANG_WARN_DOCUMENTATION_COMMENTS = YES;
				CLANG_WARN_EMPTY_BODY = YES;
				CLANG_WARN_ENUM_CONVERSION = YES;
				CLANG_WARN_INFINITE_RECURSION = YES;
				CLANG_WARN_INT_CONVERSION = YES;
				CLANG_WARN_NON_LITERAL_NULL_CONVERSION = YES;
				CLANG_WARN_OBJC_IMPLICIT_RETAIN_SELF = YES;
				CLANG_WARN_OBJC_LITERAL_CONVERSION = YES;
				CLANG_WARN_OBJC_ROOT_CLASS = YES_ERROR;
				CLANG_WARN_QUOTED_INCLUDE_IN_FRAMEWORK_HEADER = YES;
				CLANG_WARN_RANGE_LOOP_ANALYSIS = YES;
				CLANG_WARN_STRICT_PROTOTYPES = YES;
				CLANG_WARN_SUSPICIOUS_MOVE = YES;
				CLANG_WARN_UNGUARDED_AVAILABILITY = YES_AGGRESSIVE;
				CLANG_WARN_UNREACHABLE_CODE = YES;
				CLANG_WARN__DUPLICATE_METHOD_MATCH = YES;
				COPY_PHASE_STRIP = NO;
				DEBUG_INFORMATION_FORMAT = dwarf;
				ENABLE_STRICT_OBJC_MSGSEND = YES;
				ENABLE_TESTABILITY = YES;
				ENABLE_USER_SCRIPT_SANDBOXING = YES;
				GCC_C_LANGUAGE_STANDARD = gnu17;
				GCC_DYNAMIC_NO_PIC = NO;
				GCC_NO_COMMON_BLOCKS = YES;
				GCC_OPTIMIZATION_LEVEL = 0;
				GCC_PREPROCESSOR_DEFINITIONS = (
					"DEBUG=1",
					"$(inherited)",
				);
				GCC_WARN_64_TO_32_BIT_CONVERSION = YES;
				GCC_WARN_ABOUT_RETURN_TYPE = YES_ERROR;
				GCC_WARN_UNDECLARED_SELECTOR = YES;
				GCC_WARN_UNINITIALIZED_AUTOS = YES_AGGRESSIVE;
				GCC_WARN_UNUSED_FUNCTION = YES;
				GCC_WARN_UNUSED_VARIABLE = YES;
				IPHONEOS_DEPLOYMENT_TARGET = 17.2;
				LOCALIZATION_PREFERS_STRING_CATALOGS = YES;
				MTL_ENABLE_DEBUG_INFO = INCLUDE_SOURCE;
				MTL_FAST_MATH = YES;
				ONLY_ACTIVE_ARCH = YES;
				SDKROOT = iphoneos;
				SWIFT_ACTIVE_COMPILATION_CONDITIONS = "DEBUG $(inherited)";
				SWIFT_OPTIMIZATION_LEVEL = "-Onone";
			};
			name = Debug;
		};
		985B9AFB2B38519F008CB95A /* Release */ = {
			isa = XCBuildConfiguration;
			buildSettings = {
				ALWAYS_SEARCH_USER_PATHS = NO;
				ASSETCATALOG_COMPILER_GENERATE_SWIFT_ASSET_SYMBOL_EXTENSIONS = YES;
				CLANG_ANALYZER_NONNULL = YES;
				CLANG_ANALYZER_NUMBER_OBJECT_CONVERSION = YES_AGGRESSIVE;
				CLANG_CXX_LANGUAGE_STANDARD = "gnu++20";
				CLANG_ENABLE_MODULES = YES;
				CLANG_ENABLE_OBJC_ARC = YES;
				CLANG_ENABLE_OBJC_WEAK = YES;
				CLANG_WARN_BLOCK_CAPTURE_AUTORELEASING = YES;
				CLANG_WARN_BOOL_CONVERSION = YES;
				CLANG_WARN_COMMA = YES;
				CLANG_WARN_CONSTANT_CONVERSION = YES;
				CLANG_WARN_DEPRECATED_OBJC_IMPLEMENTATIONS = YES;
				CLANG_WARN_DIRECT_OBJC_ISA_USAGE = YES_ERROR;
				CLANG_WARN_DOCUMENTATION_COMMENTS = YES;
				CLANG_WARN_EMPTY_BODY = YES;
				CLANG_WARN_ENUM_CONVERSION = YES;
				CLANG_WARN_INFINITE_RECURSION = YES;
				CLANG_WARN_INT_CONVERSION = YES;
				CLANG_WARN_NON_LITERAL_NULL_CONVERSION = YES;
				CLANG_WARN_OBJC_IMPLICIT_RETAIN_SELF = YES;
				CLANG_WARN_OBJC_LITERAL_CONVERSION = YES;
				CLANG_WARN_OBJC_ROOT_CLASS = YES_ERROR;
				CLANG_WARN_QUOTED_INCLUDE_IN_FRAMEWORK_HEADER = YES;
				CLANG_WARN_RANGE_LOOP_ANALYSIS = YES;
				CLANG_WARN_STRICT_PROTOTYPES = YES;
				CLANG_WARN_SUSPICIOUS_MOVE = YES;
				CLANG_WARN_UNGUARDED_AVAILABILITY = YES_AGGRESSIVE;
				CLANG_WARN_UNREACHABLE_CODE = YES;
				CLANG_WARN__DUPLICATE_METHOD_MATCH = YES;
				COPY_PHASE_STRIP = NO;
				DEBUG_INFORMATION_FORMAT = "dwarf-with-dsym";
				ENABLE_NS_ASSERTIONS = NO;
				ENABLE_STRICT_OBJC_MSGSEND = YES;
				ENABLE_USER_SCRIPT_SANDBOXING = YES;
				GCC_C_LANGUAGE_STANDARD = gnu17;
				GCC_NO_COMMON_BLOCKS = YES;
				GCC_WARN_64_TO_32_BIT_CONVERSION = YES;
				GCC_WARN_ABOUT_RETURN_TYPE = YES_ERROR;
				GCC_WARN_UNDECLARED_SELECTOR = YES;
				GCC_WARN_UNINITIALIZED_AUTOS = YES_AGGRESSIVE;
				GCC_WARN_UNUSED_FUNCTION = YES;
				GCC_WARN_UNUSED_VARIABLE = YES;
				IPHONEOS_DEPLOYMENT_TARGET = 17.2;
				LOCALIZATION_PREFERS_STRING_CATALOGS = YES;
				MTL_ENABLE_DEBUG_INFO = NO;
				MTL_FAST_MATH = YES;
				SDKROOT = iphoneos;
				SWIFT_COMPILATION_MODE = wholemodule;
				VALIDATE_PRODUCT = YES;
			};
			name = Release;
		};
		985B9AFD2B38519F008CB95A /* Debug */ = {
			isa = XCBuildConfiguration;
			buildSettings = {
				ASSETCATALOG_COMPILER_APPICON_NAME = AppIcon;
				ASSETCATALOG_COMPILER_GLOBAL_ACCENT_COLOR_NAME = AccentColor;
				CODE_SIGN_STYLE = Automatic;
				CURRENT_PROJECT_VERSION = 1;
				DEVELOPMENT_ASSET_PATHS = "\"AnimationPortfolioiOSApp/Preview Content\"";
				DEVELOPMENT_TEAM = 5MNWJS94G3;
				ENABLE_PREVIEWS = YES;
				GENERATE_INFOPLIST_FILE = YES;
				INFOPLIST_KEY_UIApplicationSceneManifest_Generation = YES;
				INFOPLIST_KEY_UIApplicationSupportsIndirectInputEvents = YES;
				INFOPLIST_KEY_UILaunchScreen_Generation = YES;
				INFOPLIST_KEY_UISupportedInterfaceOrientations_iPad = "UIInterfaceOrientationPortrait UIInterfaceOrientationPortraitUpsideDown UIInterfaceOrientationLandscapeLeft UIInterfaceOrientationLandscapeRight";
				INFOPLIST_KEY_UISupportedInterfaceOrientations_iPhone = "UIInterfaceOrientationPortrait UIInterfaceOrientationLandscapeLeft UIInterfaceOrientationLandscapeRight";
				LD_RUNPATH_SEARCH_PATHS = (
					"$(inherited)",
					"@executable_path/Frameworks",
				);
				MARKETING_VERSION = 1.0;
				PRODUCT_BUNDLE_IDENTIFIER = com.fedepregnolato.AnimationPortfolioiOSApp;
				PRODUCT_NAME = "$(TARGET_NAME)";
				SWIFT_EMIT_LOC_STRINGS = YES;
				SWIFT_VERSION = 5.0;
				TARGETED_DEVICE_FAMILY = "1,2";
			};
			name = Debug;
		};
		985B9AFE2B38519F008CB95A /* Release */ = {
			isa = XCBuildConfiguration;
			buildSettings = {
				ASSETCATALOG_COMPILER_APPICON_NAME = AppIcon;
				ASSETCATALOG_COMPILER_GLOBAL_ACCENT_COLOR_NAME = AccentColor;
				CODE_SIGN_STYLE = Automatic;
				CURRENT_PROJECT_VERSION = 1;
				DEVELOPMENT_ASSET_PATHS = "\"AnimationPortfolioiOSApp/Preview Content\"";
				DEVELOPMENT_TEAM = 5MNWJS94G3;
				ENABLE_PREVIEWS = YES;
				GENERATE_INFOPLIST_FILE = YES;
				INFOPLIST_KEY_UIApplicationSceneManifest_Generation = YES;
				INFOPLIST_KEY_UIApplicationSupportsIndirectInputEvents = YES;
				INFOPLIST_KEY_UILaunchScreen_Generation = YES;
				INFOPLIST_KEY_UISupportedInterfaceOrientations_iPad = "UIInterfaceOrientationPortrait UIInterfaceOrientationPortraitUpsideDown UIInterfaceOrientationLandscapeLeft UIInterfaceOrientationLandscapeRight";
				INFOPLIST_KEY_UISupportedInterfaceOrientations_iPhone = "UIInterfaceOrientationPortrait UIInterfaceOrientationLandscapeLeft UIInterfaceOrientationLandscapeRight";
				LD_RUNPATH_SEARCH_PATHS = (
					"$(inherited)",
					"@executable_path/Frameworks",
				);
				MARKETING_VERSION = 1.0;
				PRODUCT_BUNDLE_IDENTIFIER = com.fedepregnolato.AnimationPortfolioiOSApp;
				PRODUCT_NAME = "$(TARGET_NAME)";
				SWIFT_EMIT_LOC_STRINGS = YES;
				SWIFT_VERSION = 5.0;
				TARGETED_DEVICE_FAMILY = "1,2";
			};
			name = Release;
		};
		985B9B002B38519F008CB95A /* Debug */ = {
			isa = XCBuildConfiguration;
			buildSettings = {
				ALWAYS_EMBED_SWIFT_STANDARD_LIBRARIES = YES;
				BUNDLE_LOADER = "$(TEST_HOST)";
				CODE_SIGN_STYLE = Automatic;
				CURRENT_PROJECT_VERSION = 1;
				DEVELOPMENT_TEAM = 5MNWJS94G3;
				GENERATE_INFOPLIST_FILE = YES;
				IPHONEOS_DEPLOYMENT_TARGET = 17.2;
				MARKETING_VERSION = 1.0;
				PRODUCT_BUNDLE_IDENTIFIER = com.fedepregnolato.AnimationPortfolioiOSAppTests;
				PRODUCT_NAME = "$(TARGET_NAME)";
				SWIFT_EMIT_LOC_STRINGS = NO;
				SWIFT_VERSION = 5.0;
				TARGETED_DEVICE_FAMILY = "1,2";
				TEST_HOST = "$(BUILT_PRODUCTS_DIR)/AnimationPortfolioiOSApp.app/$(BUNDLE_EXECUTABLE_FOLDER_PATH)/AnimationPortfolioiOSApp";
			};
			name = Debug;
		};
		985B9B012B38519F008CB95A /* Release */ = {
			isa = XCBuildConfiguration;
			buildSettings = {
				ALWAYS_EMBED_SWIFT_STANDARD_LIBRARIES = YES;
				BUNDLE_LOADER = "$(TEST_HOST)";
				CODE_SIGN_STYLE = Automatic;
				CURRENT_PROJECT_VERSION = 1;
				DEVELOPMENT_TEAM = 5MNWJS94G3;
				GENERATE_INFOPLIST_FILE = YES;
				IPHONEOS_DEPLOYMENT_TARGET = 17.2;
				MARKETING_VERSION = 1.0;
				PRODUCT_BUNDLE_IDENTIFIER = com.fedepregnolato.AnimationPortfolioiOSAppTests;
				PRODUCT_NAME = "$(TARGET_NAME)";
				SWIFT_EMIT_LOC_STRINGS = NO;
				SWIFT_VERSION = 5.0;
				TARGETED_DEVICE_FAMILY = "1,2";
				TEST_HOST = "$(BUILT_PRODUCTS_DIR)/AnimationPortfolioiOSApp.app/$(BUNDLE_EXECUTABLE_FOLDER_PATH)/AnimationPortfolioiOSApp";
			};
			name = Release;
		};
		985B9B032B38519F008CB95A /* Debug */ = {
			isa = XCBuildConfiguration;
			buildSettings = {
				ALWAYS_EMBED_SWIFT_STANDARD_LIBRARIES = YES;
				CODE_SIGN_STYLE = Automatic;
				CURRENT_PROJECT_VERSION = 1;
				DEVELOPMENT_TEAM = 5MNWJS94G3;
				GENERATE_INFOPLIST_FILE = YES;
				MARKETING_VERSION = 1.0;
				PRODUCT_BUNDLE_IDENTIFIER = com.fedepregnolato.AnimationPortfolioiOSAppUITests;
				PRODUCT_NAME = "$(TARGET_NAME)";
				SWIFT_EMIT_LOC_STRINGS = NO;
				SWIFT_VERSION = 5.0;
				TARGETED_DEVICE_FAMILY = "1,2";
				TEST_TARGET_NAME = AnimationPortfolioiOSApp;
			};
			name = Debug;
		};
		985B9B042B38519F008CB95A /* Release */ = {
			isa = XCBuildConfiguration;
			buildSettings = {
				ALWAYS_EMBED_SWIFT_STANDARD_LIBRARIES = YES;
				CODE_SIGN_STYLE = Automatic;
				CURRENT_PROJECT_VERSION = 1;
				DEVELOPMENT_TEAM = 5MNWJS94G3;
				GENERATE_INFOPLIST_FILE = YES;
				MARKETING_VERSION = 1.0;
				PRODUCT_BUNDLE_IDENTIFIER = com.fedepregnolato.AnimationPortfolioiOSAppUITests;
				PRODUCT_NAME = "$(TARGET_NAME)";
				SWIFT_EMIT_LOC_STRINGS = NO;
				SWIFT_VERSION = 5.0;
				TARGETED_DEVICE_FAMILY = "1,2";
				TEST_TARGET_NAME = AnimationPortfolioiOSApp;
			};
			name = Release;
		};
/* End XCBuildConfiguration section */

/* Begin XCConfigurationList section */
		985B9AD32B38519E008CB95A /* Build configuration list for PBXProject "AnimationPortfolioiOSApp" */ = {
			isa = XCConfigurationList;
			buildConfigurations = (
				985B9AFA2B38519F008CB95A /* Debug */,
				985B9AFB2B38519F008CB95A /* Release */,
			);
			defaultConfigurationIsVisible = 0;
			defaultConfigurationName = Release;
		};
		985B9AFC2B38519F008CB95A /* Build configuration list for PBXNativeTarget "AnimationPortfolioiOSApp" */ = {
			isa = XCConfigurationList;
			buildConfigurations = (
				985B9AFD2B38519F008CB95A /* Debug */,
				985B9AFE2B38519F008CB95A /* Release */,
			);
			defaultConfigurationIsVisible = 0;
			defaultConfigurationName = Release;
		};
		985B9AFF2B38519F008CB95A /* Build configuration list for PBXNativeTarget "AnimationPortfolioiOSAppTests" */ = {
			isa = XCConfigurationList;
			buildConfigurations = (
				985B9B002B38519F008CB95A /* Debug */,
				985B9B012B38519F008CB95A /* Release */,
			);
			defaultConfigurationIsVisible = 0;
			defaultConfigurationName = Release;
		};
		985B9B022B38519F008CB95A /* Build configuration list for PBXNativeTarget "AnimationPortfolioiOSAppUITests" */ = {
			isa = XCConfigurationList;
			buildConfigurations = (
				985B9B032B38519F008CB95A /* Debug */,
				985B9B042B38519F008CB95A /* Release */,
			);
			defaultConfigurationIsVisible = 0;
			defaultConfigurationName = Release;
		};
/* End XCConfigurationList section */
	};
	rootObject = 985B9AD02B38519E008CB95A /* Project object */;
}
